
Microsoft Visual Studio Solution File, Format Version 12.00
# Visual Studio 14
VisualStudioVersion = 14.0.24720.0
MinimumVisualStudioVersion = 10.0.40219.1
Project("{FAE04EC0-301F-11D3-BF4B-00C04F79EFBC}") = "MyCloudService2", "MyCloudService2\MyCloudService2.csproj", "{BAA3E562-F320-4CCD-B54F-1CFC5C2E0AFA}"
EndProject
Project("{FAE04EC0-301F-11D3-BF4B-00C04F79EFBC}") = "MyCloudWebsite", "MyCloudWebsite\MyCloudWebsite.csproj", "{902D0626-9CF1-469D-BC88-018FBD38C437}"
	ProjectSection(ProjectDependencies) = postProject
		{BAA3E562-F320-4CCD-B54F-1CFC5C2E0AFA} = {BAA3E562-F320-4CCD-B54F-1CFC5C2E0AFA}
	EndProjectSection
EndProject
Global
	GlobalSection(SolutionConfigurationPlatforms) = preSolution
		Debug|Any CPU = Debug|Any CPU
		Release|Any CPU = Release|Any CPU
	EndGlobalSection
	GlobalSection(ProjectConfigurationPlatforms) = postSolution
		{BAA3E562-F320-4CCD-B54F-1CFC5C2E0AFA}.Debug|Any CPU.ActiveCfg = Debug|Any CPU
		{BAA3E562-F320-4CCD-B54F-1CFC5C2E0AFA}.Debug|Any CPU.Build.0 = Debug|Any CPU
		{BAA3E562-F320-4CCD-B54F-1CFC5C2E0AFA}.Release|Any CPU.ActiveCfg = Release|Any CPU
		{BAA3E562-F320-4CCD-B54F-1CFC5C2E0AFA}.Release|Any CPU.Build.0 = Release|Any CPU
		{902D0626-9CF1-469D-BC88-018FBD38C437}.Debug|Any CPU.ActiveCfg = Debug|Any CPU
		{902D0626-9CF1-469D-BC88-018FBD38C437}.Debug|Any CPU.Build.0 = Debug|Any CPU
		{902D0626-9CF1-469D-BC88-018FBD38C437}.Release|Any CPU.ActiveCfg = Release|Any CPU
		{902D0626-9CF1-469D-BC88-018FBD38C437}.Release|Any CPU.Build.0 = Release|Any CPU
	EndGlobalSection
	GlobalSection(SolutionProperties) = preSolution
		HideSolutionNode = FALSE
	EndGlobalSection
EndGlobal
